{
    "version": 3,
    "terraform_version": "0.11.7",
    "serial": 15,
    "lineage": "4b7686da-e360-e7f3-e54c-d7b98f660917",
    "modules": [
        {
            "path": [
                "root"
            ],
            "outputs": {
                "Container Name": {
                    "sensitive": false,
                    "type": "string",
                    "value": "dev_blog"
                },
                "IP Address": {
                    "sensitive": false,
                    "type": "string",
                    "value": "172.17.0.2"
                }
            },
            "resources": {
                "null_resource.null_id": {
                    "type": "null_resource",
                    "depends_on": [
                        "module.container"
                    ],
                    "primary": {
                        "id": "7434016886742846202",
                        "attributes": {
                            "id": "7434016886742846202"
                        },
                        "meta": {},
                        "tainted": false
                    },
                    "deposed": [],
                    "provider": "provider.null"
                }
            },
            "depends_on": []
        },
        {
            "path": [
                "root",
                "container"
            ],
            "outputs": {
                "container_name": {
                    "sensitive": false,
                    "type": "string",
                    "value": "dev_blog"
                },
                "ip": {
                    "sensitive": false,
                    "type": "string",
                    "value": "172.17.0.2"
                }
            },
            "resources": {
                "docker_container.container_id": {
                    "type": "docker_container",
                    "depends_on": [],
                    "primary": {
                        "id": "4ff2c830319033bda43fa7e5828d3afb793cc8e15ff80e10f34928b7445b77de",
                        "attributes": {
                            "bridge": "",
                            "gateway": "172.17.0.1",
                            "id": "4ff2c830319033bda43fa7e5828d3afb793cc8e15ff80e10f34928b7445b77de",
                            "image": "sha256:998ed7a41488ac8dc5cc6e2ff042754f8f6a23551ebebbfba3c00cc15962dccc",
                            "ip_address": "172.17.0.2",
                            "ip_prefix_length": "16",
                            "log_driver": "json-file",
                            "must_run": "true",
                            "name": "dev_blog",
                            "ports.#": "1",
                            "ports.1136498792.external": "8080",
                            "ports.1136498792.internal": "2368",
                            "ports.1136498792.ip": "",
                            "ports.1136498792.protocol": "tcp",
                            "restart": "no"
                        },
                        "meta": {},
                        "tainted": false
                    },
                    "deposed": [],
                    "provider": "provider.docker"
                }
            },
            "depends_on": []
        },
        {
            "path": [
                "root",
                "image"
            ],
            "outputs": {
                "image_out": {
                    "sensitive": false,
                    "type": "string",
                    "value": "sha256:998ed7a41488ac8dc5cc6e2ff042754f8f6a23551ebebbfba3c00cc15962dccc"
                }
            },
            "resources": {
                "docker_image.image_id": {
                    "type": "docker_image",
                    "depends_on": [],
                    "primary": {
                        "id": "sha256:998ed7a41488ac8dc5cc6e2ff042754f8f6a23551ebebbfba3c00cc15962dcccghost:latest",
                        "attributes": {
                            "id": "sha256:998ed7a41488ac8dc5cc6e2ff042754f8f6a23551ebebbfba3c00cc15962dcccghost:latest",
                            "latest": "sha256:998ed7a41488ac8dc5cc6e2ff042754f8f6a23551ebebbfba3c00cc15962dccc",
                            "name": "ghost:latest"
                        },
                        "meta": {},
                        "tainted": false
                    },
                    "deposed": [],
                    "provider": "provider.docker"
                }
            },
            "depends_on": []
        }
    ]
}
